
Microsoft Visual Studio Solution File, Format Version 12.00
# Visual Studio Version 16
VisualStudioVersion = 16.0.29613.14
MinimumVisualStudioVersion = 10.0.40219.1
Project("{FAE04EC0-301F-11D3-BF4B-00C04F79EFBC}") = "hibernateTest", "hibernateTest\hibernateTest.csproj", "{AC66F03B-D045-430B-9CE8-14FF93A3840B}"
EndProject
Global
	GlobalSection(SolutionConfigurationPlatforms) = preSolution
		Debug|Any CPU = Debug|Any CPU
		Release|Any CPU = Release|Any CPU
	EndGlobalSection
	GlobalSection(ProjectConfigurationPlatforms) = postSolution
		{AC66F03B-D045-430B-9CE8-14FF93A3840B}.Debug|Any CPU.ActiveCfg = Debug|Any CPU
		{AC66F03B-D045-430B-9CE8-14FF93A3840B}.Debug|Any CPU.Build.0 = Debug|Any CPU
		{AC66F03B-D045-430B-9CE8-14FF93A3840B}.Release|Any CPU.ActiveCfg = Release|Any CPU
		{AC66F03B-D045-430B-9CE8-14FF93A3840B}.Release|Any CPU.Build.0 = Release|Any CPU
	EndGlobalSection
	GlobalSection(SolutionProperties) = preSolution
		HideSolutionNode = FALSE
	EndGlobalSection
	GlobalSection(ExtensibilityGlobals) = postSolution
		SolutionGuid = {AD031020-363E-4C11-AEFB-5DDDB19925AB}
	EndGlobalSection
EndGlobal
